github.com/andybalholm/brotli v1.0.4 h1:V7DdXeJtZscaqfNuAdSRuRFzuiKlHSC/Zh3zl9qY3JY=
github.com/andybalholm/brotli v1.0.4/go.mod h1:fO7iG3H7G2nSZ7m0zPUDn85XEX2GTukHGRSepvi9Eig=
github.com/kawacode/fhttp v0.4.5 h1:DNnSSi+vTSwO95ib2hEXbaakI2SzauposvJUZ1GDHXA=
github.com/kawacode/fhttp v0.4.5/go.mod h1:D3Uhvgni6upWOljI6whta065Cqi3D7eMh9E6ZsTqOlM=
github.com/kawacode/goproxy v1.0.2 h1:NJ/ABm2KEEUTSb0CPNXIq5mxfS/nbJpGxDHj23MUKoU=
github.com/kawacode/goproxy v1.0.2/go.mod h1:vYU/APqdXfekvcwLVDMbB7CYbK9fwECuO9blsPkY3gs=
github.com/kawacode/gostruct v1.0.0 h1:QBBrT6GczuAOF9i6nE6k8CuahkzRGEYplL0KbD8YPMM=
github.com/kawacode/gostruct v1.0.0/go.mod h1:PtB+BYt7CCUDKlp5ygwWtrk/TZQs3QenxjJPpT4XJdo=
github.com/kawacode/gotools v1.0.0 h1:kbkQ9B8uHe4lWEyoW2Nd7cWJsLVHoxsOuzt2eHuW3eo=
github.com/kawacode/gotools v1.0.0/go.mod h1:vMQliVYYciGXo718J8siSeUSAMgsKQ+yA4KxJI9PahU=
github.com/kawacode/utls v1.1.2 h1:Lks35g0Z3HtRV7DBbEFfd0PqiTdGuM0HNsUccexFzzs=
github.com/kawacode/utls v1.1.2/go.mod h1:pF3vomw4DvP9/vuQvbTRf+B097JlWhW1i0kOxy8OUH8=
github.com/klauspost/compress v1.13.6 h1:P76CopJELS0TiO2mebmnzgWaajssP/EszplttgQxcgc=
github.com/klauspost/compress v1.13.6/go.mod h1:/3/Vjq9QcHkK5uEr5lBEmyoZ1iFhe47etQ6QUkpK6sk=
golang.org/x/crypto v0.0.0-20220411220226-7b82a4e95df4 h1:kUhD7nTDoI3fVd9G4ORWrbV5NY0liEs/Jg2pv5f+bBA=
golang.org/x/crypto v0.0.0-20220411220226-7b82a4e95df4/go.mod h1:IxCIyHEi3zRg3s0A5j5BB6A9Jmi73HwBIUl50j+osU4=
golang.org/x/net v0.0.0-20220420153159-1850ba15e1be h1:yx80W7nvY5ySWpaU8UWaj5o9e23YgO9BRhQol7Lc+JI=
golang.org/x/net v0.0.0-20220420153159-1850ba15e1be/go.mod h1:CfG3xpIq0wQ8r1q4Su4UZFWDARRcnwPjda9FqA0JpMk=
golang.org/x/sys v0.0.0-20211216021012-1d35b9e2eb4e h1:fLOSk5Q00efkSvAm+4xcoXD+RRmLmmulPn5I3Y9F2EM=
golang.org/x/sys v0.0.0-20211216021012-1d35b9e2eb4e/go.mod h1:oPkhp1MJrh7nUepCBck5+mAzfO9JrbApNNgaTdGDITg=
golang.org/x/text v0.3.7 h1:olpwvP2KacW1ZWvsR7uQhoyTYvKAupfQrRGBFM352Gk=
golang.org/x/text v0.3.7/go.mod h1:u+2+/6zg+i71rQMx5EYifcz6MCKuco9NR6JIITiCfzQ=
